version = 1
revision = 3
requires-python = ">=3.13"

[[package]]
name = "htpy"
version = "25.8.0"
source = { registry = "https://pypi.org/simple" }
dependencies = [
    { name = "markupsafe" },
]
sdist = { url = "https://files.pythonhosted.org/packages/91/70/103c0944259911c36bc5f50c39a55326987e763c0ffcb7fdc5f88e90dd7a/htpy-25.8.0.tar.gz", hash = "sha256:e6b2336e8274138ad75b5fa887c97641cdc2575b00e3991dff9171c46c940c41", size = 287567, upload-time = "2025-08-05T12:23:29.511Z" }
wheels = [
    { url = "https://files.pythonhosted.org/packages/bc/cc/251b596979f0362d7127af47ae2ee740372731dba00c9f1185baa8f1c4e0/htpy-25.8.0-py3-none-any.whl", hash = "sha256:e82f94e60938fb2bc82c570d4fbd3d7ca278f1662b28800c2f11c4aa8baed257", size = 18834, upload-time = "2025-08-05T12:23:27.496Z" },
]

[[package]]
name = "lxml"
version = "6.0.0"
source = { registry = "https://pypi.org/simple" }
sdist = { url = "https://files.pythonhosted.org/packages/c5/ed/60eb6fa2923602fba988d9ca7c5cdbd7cf25faa795162ed538b527a35411/lxml-6.0.0.tar.gz", hash = "sha256:032e65120339d44cdc3efc326c9f660f5f7205f3a535c1fdbf898b29ea01fb72", size = 4096938, upload-time = "2025-06-26T16:28:19.373Z" }
wheels = [
    { url = "https://files.pythonhosted.org/packages/79/21/6e7c060822a3c954ff085e5e1b94b4a25757c06529eac91e550f3f5cd8b8/lxml-6.0.0-cp313-cp313-macosx_10_13_universal2.whl", hash = "sha256:6da7cd4f405fd7db56e51e96bff0865b9853ae70df0e6720624049da76bde2da", size = 8414372, upload-time = "2025-06-26T16:26:39.079Z" },
    { url = "https://files.pythonhosted.org/packages/a4/f6/051b1607a459db670fc3a244fa4f06f101a8adf86cda263d1a56b3a4f9d5/lxml-6.0.0-cp313-cp313-macosx_10_13_x86_64.whl", hash = "sha256:b34339898bb556a2351a1830f88f751679f343eabf9cf05841c95b165152c9e7", size = 4593940, upload-time = "2025-06-26T16:26:41.891Z" },
    { url = "https://files.pythonhosted.org/packages/8e/74/dd595d92a40bda3c687d70d4487b2c7eff93fd63b568acd64fedd2ba00fe/lxml-6.0.0-cp313-cp313-manylinux2010_i686.manylinux2014_i686.manylinux_2_12_i686.manylinux_2_17_i686.whl", hash = "sha256:51a5e4c61a4541bd1cd3ba74766d0c9b6c12d6a1a4964ef60026832aac8e79b3", size = 5214329, upload-time = "2025-06-26T16:26:44.669Z" },
    { url = "https://files.pythonhosted.org/packages/52/46/3572761efc1bd45fcafb44a63b3b0feeb5b3f0066886821e94b0254f9253/lxml-6.0.0-cp313-cp313-manylinux2014_aarch64.manylinux_2_17_aarch64.whl", hash = "sha256:d18a25b19ca7307045581b18b3ec9ead2b1db5ccd8719c291f0cd0a5cec6cb81", size = 4947559, upload-time = "2025-06-28T18:47:31.091Z" },
    { url = "https://files.pythonhosted.org/packages/94/8a/5e40de920e67c4f2eef9151097deb9b52d86c95762d8ee238134aff2125d/lxml-6.0.0-cp313-cp313-manylinux2014_x86_64.manylinux_2_17_x86_64.whl", hash = "sha256:d4f0c66df4386b75d2ab1e20a489f30dc7fd9a06a896d64980541506086be1f1", size = 5102143, upload-time = "2025-06-28T18:47:33.612Z" },
    { url = "https://files.pythonhosted.org/packages/7c/4b/20555bdd75d57945bdabfbc45fdb1a36a1a0ff9eae4653e951b2b79c9209/lxml-6.0.0-cp313-cp313-manylinux_2_27_aarch64.manylinux_2_28_aarch64.whl", hash = "sha256:9f4b481b6cc3a897adb4279216695150bbe7a44c03daba3c894f49d2037e0a24", size = 5021931, upload-time = "2025-06-26T16:26:47.503Z" },
    { url = "https://files.pythonhosted.org/packages/b6/6e/cf03b412f3763d4ca23b25e70c96a74cfece64cec3addf1c4ec639586b13/lxml-6.0.0-cp313-cp313-manylinux_2_27_ppc64le.manylinux_2_28_ppc64le.whl", hash = "sha256:8a78d6c9168f5bcb20971bf3329c2b83078611fbe1f807baadc64afc70523b3a", size = 5645469, upload-time = "2025-07-03T19:19:13.32Z" },
    { url = "https://files.pythonhosted.org/packages/d4/dd/39c8507c16db6031f8c1ddf70ed95dbb0a6d466a40002a3522c128aba472/lxml-6.0.0-cp313-cp313-manylinux_2_27_x86_64.manylinux_2_28_x86_64.whl", hash = "sha256:2ae06fbab4f1bb7db4f7c8ca9897dc8db4447d1a2b9bee78474ad403437bcc29", size = 5247467, upload-time = "2025-06-26T16:26:49.998Z" },
    { url = "https://files.pythonhosted.org/packages/4d/56/732d49def0631ad633844cfb2664563c830173a98d5efd9b172e89a4800d/lxml-6.0.0-cp313-cp313-manylinux_2_31_armv7l.whl", hash = "sha256:1fa377b827ca2023244a06554c6e7dc6828a10aaf74ca41965c5d8a4925aebb4", size = 4720601, upload-time = "2025-06-26T16:26:52.564Z" },
    { url = "https://files.pythonhosted.org/packages/8f/7f/6b956fab95fa73462bca25d1ea7fc8274ddf68fb8e60b78d56c03b65278e/lxml-6.0.0-cp313-cp313-musllinux_1_2_aarch64.whl", hash = "sha256:1676b56d48048a62ef77a250428d1f31f610763636e0784ba67a9740823988ca", size = 5060227, upload-time = "2025-06-26T16:26:55.054Z" },
    { url = "https://files.pythonhosted.org/packages/97/06/e851ac2924447e8b15a294855caf3d543424364a143c001014d22c8ca94c/lxml-6.0.0-cp313-cp313-musllinux_1_2_armv7l.whl", hash = "sha256:0e32698462aacc5c1cf6bdfebc9c781821b7e74c79f13e5ffc8bfe27c42b1abf", size = 4790637, upload-time = "2025-06-26T16:26:57.384Z" },
    { url = "https://files.pythonhosted.org/packages/06/d4/fd216f3cd6625022c25b336c7570d11f4a43adbaf0a56106d3d496f727a7/lxml-6.0.0-cp313-cp313-musllinux_1_2_ppc64le.whl", hash = "sha256:4d6036c3a296707357efb375cfc24bb64cd955b9ec731abf11ebb1e40063949f", size = 5662049, upload-time = "2025-07-03T19:19:16.409Z" },
    { url = "https://files.pythonhosted.org/packages/52/03/0e764ce00b95e008d76b99d432f1807f3574fb2945b496a17807a1645dbd/lxml-6.0.0-cp313-cp313-musllinux_1_2_x86_64.whl", hash = "sha256:7488a43033c958637b1a08cddc9188eb06d3ad36582cebc7d4815980b47e27ef", size = 5272430, upload-time = "2025-06-26T16:27:00.031Z" },
    { url = "https://files.pythonhosted.org/packages/5f/01/d48cc141bc47bc1644d20fe97bbd5e8afb30415ec94f146f2f76d0d9d098/lxml-6.0.0-cp313-cp313-win32.whl", hash = "sha256:5fcd7d3b1d8ecb91445bd71b9c88bdbeae528fefee4f379895becfc72298d181", size = 3612896, upload-time = "2025-06-26T16:27:04.251Z" },
    { url = "https://files.pythonhosted.org/packages/f4/87/6456b9541d186ee7d4cb53bf1b9a0d7f3b1068532676940fdd594ac90865/lxml-6.0.0-cp313-cp313-win_amd64.whl", hash = "sha256:2f34687222b78fff795feeb799a7d44eca2477c3d9d3a46ce17d51a4f383e32e", size = 4013132, upload-time = "2025-06-26T16:27:06.415Z" },
    { url = "https://files.pythonhosted.org/packages/b7/42/85b3aa8f06ca0d24962f8100f001828e1f1f1a38c954c16e71154ed7d53a/lxml-6.0.0-cp313-cp313-win_arm64.whl", hash = "sha256:21db1ec5525780fd07251636eb5f7acb84003e9382c72c18c542a87c416ade03", size = 3672642, upload-time = "2025-06-26T16:27:09.888Z" },
]

[[package]]
name = "markupsafe"
version = "3.0.2"
source = { registry = "https://pypi.org/simple" }
sdist = { url = "https://files.pythonhosted.org/packages/b2/97/5d42485e71dfc078108a86d6de8fa46db44a1a9295e89c5d6d4a06e23a62/markupsafe-3.0.2.tar.gz", hash = "sha256:ee55d3edf80167e48ea11a923c7386f4669df67d7994554387f84e7d8b0a2bf0", size = 20537, upload-time = "2024-10-18T15:21:54.129Z" }
wheels = [
    { url = "https://files.pythonhosted.org/packages/83/0e/67eb10a7ecc77a0c2bbe2b0235765b98d164d81600746914bebada795e97/MarkupSafe-3.0.2-cp313-cp313-macosx_10_13_universal2.whl", hash = "sha256:ba9527cdd4c926ed0760bc301f6728ef34d841f405abf9d4f959c478421e4efd", size = 14274, upload-time = "2024-10-18T15:21:24.577Z" },
    { url = "https://files.pythonhosted.org/packages/2b/6d/9409f3684d3335375d04e5f05744dfe7e9f120062c9857df4ab490a1031a/MarkupSafe-3.0.2-cp313-cp313-macosx_11_0_arm64.whl", hash = "sha256:f8b3d067f2e40fe93e1ccdd6b2e1d16c43140e76f02fb1319a05cf2b79d99430", size = 12352, upload-time = "2024-10-18T15:21:25.382Z" },
    { url = "https://files.pythonhosted.org/packages/d2/f5/6eadfcd3885ea85fe2a7c128315cc1bb7241e1987443d78c8fe712d03091/MarkupSafe-3.0.2-cp313-cp313-manylinux_2_17_aarch64.manylinux2014_aarch64.whl", hash = "sha256:569511d3b58c8791ab4c2e1285575265991e6d8f8700c7be0e88f86cb0672094", size = 24122, upload-time = "2024-10-18T15:21:26.199Z" },
    { url = "https://files.pythonhosted.org/packages/0c/91/96cf928db8236f1bfab6ce15ad070dfdd02ed88261c2afafd4b43575e9e9/MarkupSafe-3.0.2-cp313-cp313-manylinux_2_17_x86_64.manylinux2014_x86_64.whl", hash = "sha256:15ab75ef81add55874e7ab7055e9c397312385bd9ced94920f2802310c930396", size = 23085, upload-time = "2024-10-18T15:21:27.029Z" },
    { url = "https://files.pythonhosted.org/packages/c2/cf/c9d56af24d56ea04daae7ac0940232d31d5a8354f2b457c6d856b2057d69/MarkupSafe-3.0.2-cp313-cp313-manylinux_2_5_i686.manylinux1_i686.manylinux_2_17_i686.manylinux2014_i686.whl", hash = "sha256:f3818cb119498c0678015754eba762e0d61e5b52d34c8b13d770f0719f7b1d79", size = 22978, upload-time = "2024-10-18T15:21:27.846Z" },
    { url = "https://files.pythonhosted.org/packages/2a/9f/8619835cd6a711d6272d62abb78c033bda638fdc54c4e7f4272cf1c0962b/MarkupSafe-3.0.2-cp313-cp313-musllinux_1_2_aarch64.whl", hash = "sha256:cdb82a876c47801bb54a690c5ae105a46b392ac6099881cdfb9f6e95e4014c6a", size = 24208, upload-time = "2024-10-18T15:21:28.744Z" },
    { url = "https://files.pythonhosted.org/packages/f9/bf/176950a1792b2cd2102b8ffeb5133e1ed984547b75db47c25a67d3359f77/MarkupSafe-3.0.2-cp313-cp313-musllinux_1_2_i686.whl", hash = "sha256:cabc348d87e913db6ab4aa100f01b08f481097838bdddf7c7a84b7575b7309ca", size = 23357, upload-time = "2024-10-18T15:21:29.545Z" },
    { url = "https://files.pythonhosted.org/packages/ce/4f/9a02c1d335caabe5c4efb90e1b6e8ee944aa245c1aaaab8e8a618987d816/MarkupSafe-3.0.2-cp313-cp313-musllinux_1_2_x86_64.whl", hash = "sha256:444dcda765c8a838eaae23112db52f1efaf750daddb2d9ca300bcae1039adc5c", size = 23344, upload-time = "2024-10-18T15:21:30.366Z" },
    { url = "https://files.pythonhosted.org/packages/ee/55/c271b57db36f748f0e04a759ace9f8f759ccf22b4960c270c78a394f58be/MarkupSafe-3.0.2-cp313-cp313-win32.whl", hash = "sha256:bcf3e58998965654fdaff38e58584d8937aa3096ab5354d493c77d1fdd66d7a1", size = 15101, upload-time = "2024-10-18T15:21:31.207Z" },
    { url = "https://files.pythonhosted.org/packages/29/88/07df22d2dd4df40aba9f3e402e6dc1b8ee86297dddbad4872bd5e7b0094f/MarkupSafe-3.0.2-cp313-cp313-win_amd64.whl", hash = "sha256:e6a2a455bd412959b57a172ce6328d2dd1f01cb2135efda2e4576e8a23fa3b0f", size = 15603, upload-time = "2024-10-18T15:21:32.032Z" },
    { url = "https://files.pythonhosted.org/packages/62/6a/8b89d24db2d32d433dffcd6a8779159da109842434f1dd2f6e71f32f738c/MarkupSafe-3.0.2-cp313-cp313t-macosx_10_13_universal2.whl", hash = "sha256:b5a6b3ada725cea8a5e634536b1b01c30bcdcd7f9c6fff4151548d5bf6b3a36c", size = 14510, upload-time = "2024-10-18T15:21:33.625Z" },
    { url = "https://files.pythonhosted.org/packages/7a/06/a10f955f70a2e5a9bf78d11a161029d278eeacbd35ef806c3fd17b13060d/MarkupSafe-3.0.2-cp313-cp313t-macosx_11_0_arm64.whl", hash = "sha256:a904af0a6162c73e3edcb969eeeb53a63ceeb5d8cf642fade7d39e7963a22ddb", size = 12486, upload-time = "2024-10-18T15:21:34.611Z" },
    { url = "https://files.pythonhosted.org/packages/34/cf/65d4a571869a1a9078198ca28f39fba5fbb910f952f9dbc5220afff9f5e6/MarkupSafe-3.0.2-cp313-cp313t-manylinux_2_17_aarch64.manylinux2014_aarch64.whl", hash = "sha256:4aa4e5faecf353ed117801a068ebab7b7e09ffb6e1d5e412dc852e0da018126c", size = 25480, upload-time = "2024-10-18T15:21:35.398Z" },
    { url = "https://files.pythonhosted.org/packages/0c/e3/90e9651924c430b885468b56b3d597cabf6d72be4b24a0acd1fa0e12af67/MarkupSafe-3.0.2-cp313-cp313t-manylinux_2_17_x86_64.manylinux2014_x86_64.whl", hash = "sha256:c0ef13eaeee5b615fb07c9a7dadb38eac06a0608b41570d8ade51c56539e509d", size = 23914, upload-time = "2024-10-18T15:21:36.231Z" },
    { url = "https://files.pythonhosted.org/packages/66/8c/6c7cf61f95d63bb866db39085150df1f2a5bd3335298f14a66b48e92659c/MarkupSafe-3.0.2-cp313-cp313t-manylinux_2_5_i686.manylinux1_i686.manylinux_2_17_i686.manylinux2014_i686.whl", hash = "sha256:d16a81a06776313e817c951135cf7340a3e91e8c1ff2fac444cfd75fffa04afe", size = 23796, upload-time = "2024-10-18T15:21:37.073Z" },
    { url = "https://files.pythonhosted.org/packages/bb/35/cbe9238ec3f47ac9a7c8b3df7a808e7cb50fe149dc7039f5f454b3fba218/MarkupSafe-3.0.2-cp313-cp313t-musllinux_1_2_aarch64.whl", hash = "sha256:6381026f158fdb7c72a168278597a5e3a5222e83ea18f543112b2662a9b699c5", size = 25473, upload-time = "2024-10-18T15:21:37.932Z" },
    { url = "https://files.pythonhosted.org/packages/e6/32/7621a4382488aa283cc05e8984a9c219abad3bca087be9ec77e89939ded9/MarkupSafe-3.0.2-cp313-cp313t-musllinux_1_2_i686.whl", hash = "sha256:3d79d162e7be8f996986c064d1c7c817f6df3a77fe3d6859f6f9e7be4b8c213a", size = 24114, upload-time = "2024-10-18T15:21:39.799Z" },
    { url = "https://files.pythonhosted.org/packages/0d/80/0985960e4b89922cb5a0bac0ed39c5b96cbc1a536a99f30e8c220a996ed9/MarkupSafe-3.0.2-cp313-cp313t-musllinux_1_2_x86_64.whl", hash = "sha256:131a3c7689c85f5ad20f9f6fb1b866f402c445b220c19fe4308c0b147ccd2ad9", size = 24098, upload-time = "2024-10-18T15:21:40.813Z" },
    { url = "https://files.pythonhosted.org/packages/82/78/fedb03c7d5380df2427038ec8d973587e90561b2d90cd472ce9254cf348b/MarkupSafe-3.0.2-cp313-cp313t-win32.whl", hash = "sha256:ba8062ed2cf21c07a9e295d5b8a2a5ce678b913b45fdf68c32d95d6c1291e0b6", size = 15208, upload-time = "2024-10-18T15:21:41.814Z" },
    { url = "https://files.pythonhosted.org/packages/4f/65/6079a46068dfceaeabb5dcad6d674f5f5c61a6fa5673746f42a9f4c233b3/MarkupSafe-3.0.2-cp313-cp313t-win_amd64.whl", hash = "sha256:e444a31f8db13eb18ada366ab3cf45fd4b31e4db1236a4448f68778c1d1a5a2f", size = 15739, upload-time = "2024-10-18T15:21:42.784Z" },
]

[[package]]
name = "ocremix-data"
version = "0.1.0"
source = { virtual = "." }
dependencies = [
    { name = "htpy" },
    { name = "lxml" },
]

[package.metadata]
requires-dist = [
    { name = "htpy", specifier = ">=25.8.0" },
    { name = "lxml", specifier = ">=6.0.0" },
]
