version = 1
revision = 3
requires-python = ">=3.14"

[[package]]
name = "htpy"
version = "25.12.0"
source = { registry = "https://pypi.org/simple" }
dependencies = [
    { name = "markupsafe" },
]
sdist = { url = "https://files.pythonhosted.org/packages/b6/23/e00bbc355e70444d16c90a0f1fdce108c67379fe65e9312cd026c13db976/htpy-25.12.0.tar.gz", hash = "sha256:7d3f4aaa10b35c5e46dfa804df1f3f18772caf8efee6e6a035b5dee89a5d6af8", size = 291259, upload-time = "2025-12-01T20:35:01.666Z" }
wheels = [
    { url = "https://files.pythonhosted.org/packages/61/f1/a2f2caf14b03e7fab4801ac6018a4ac996de3e82a573e7aa21f3cb11a7cc/htpy-25.12.0-py3-none-any.whl", hash = "sha256:642e69278d6f8f4643acc2d2d13c21682ceb5fb4860ecbbce042f171577fff54", size = 21141, upload-time = "2025-12-01T20:35:00.13Z" },
]

[[package]]
name = "lxml"
version = "6.0.4"
source = { registry = "https://pypi.org/simple" }
sdist = { url = "https://files.pythonhosted.org/packages/ce/08/1217ca4043f55c3c92993b283a7dbfa456a2058d8b57bbb416cc96b6efff/lxml-6.0.4.tar.gz", hash = "sha256:4137516be2a90775f99d8ef80ec0283f8d78b5d8bd4630ff20163b72e7e9abf2", size = 4237780, upload-time = "2026-04-12T16:28:24.182Z" }
wheels = [
    { url = "https://files.pythonhosted.org/packages/10/18/36e28a809c509a67496202771f545219ac5a2f1cd61aae325991fcf5ab91/lxml-6.0.4-cp314-cp314-macosx_10_15_universal2.whl", hash = "sha256:569d3b18340863f603582d2124e742a68e85755eff5e47c26a55e298521e3a01", size = 8575045, upload-time = "2026-04-12T16:25:33.57Z" },
    { url = "https://files.pythonhosted.org/packages/11/38/a168c820e3b08d3b4fa0f4e6b53b3930086b36cc11e428106d38c36778cd/lxml-6.0.4-cp314-cp314-macosx_10_15_x86_64.whl", hash = "sha256:3b6245ee5241342d45e1a54a4a8bc52ef322333ada74f24aa335c4ab36f20161", size = 4622963, upload-time = "2026-04-12T16:25:36.818Z" },
    { url = "https://files.pythonhosted.org/packages/53/e0/2c9d6abdd82358cea3c0d8d6ca272a6af0f38156abce7827efb6d5b62d17/lxml-6.0.4-cp314-cp314-manylinux2014_aarch64.manylinux_2_17_aarch64.whl", hash = "sha256:79a1173ba3213a3693889a435417d4e9f3c07d96e30dc7cc3a712ed7361015fe", size = 4948832, upload-time = "2026-04-12T16:25:39.104Z" },
    { url = "https://files.pythonhosted.org/packages/96/d7/f2202852e91d7baf3a317f4523a9c14834145301e5b0f2e80c01c4bfbd49/lxml-6.0.4-cp314-cp314-manylinux2014_x86_64.manylinux_2_17_x86_64.whl", hash = "sha256:dc18bb975666b443ba23aedd2fcf57e9d0d97546b52a1de97a447c4061ba4110", size = 5085865, upload-time = "2026-04-12T16:25:41.226Z" },
    { url = "https://files.pythonhosted.org/packages/09/57/abee549324496e92708f71391c6060a164d3c95369656a1a15e9f20d8162/lxml-6.0.4-cp314-cp314-manylinux_2_26_aarch64.manylinux_2_28_aarch64.whl", hash = "sha256:2079f5dc83291ac190a52f8354b78648f221ecac19fb2972a2d056b555824de7", size = 5030001, upload-time = "2026-04-12T16:25:43.695Z" },
    { url = "https://files.pythonhosted.org/packages/c2/f8/432da7178c5917a16468af6c5da68fef7cf3357d4bd0e6f50272ec9a59b5/lxml-6.0.4-cp314-cp314-manylinux_2_26_ppc64le.manylinux_2_28_ppc64le.whl", hash = "sha256:3eda02da4ca16e9ca22bbe5654470c17fa1abcd967a52e4c2e50ff278221e351", size = 5646303, upload-time = "2026-04-12T16:25:46.577Z" },
    { url = "https://files.pythonhosted.org/packages/82/f9/e1c04ef667a6bf9c9dbd3bf04c50fa51d7ee25b258485bb748b27eb9a1c7/lxml-6.0.4-cp314-cp314-manylinux_2_26_x86_64.manylinux_2_28_x86_64.whl", hash = "sha256:c3787cdc3832b70e21ac2efafea2a82a8ccb5e85bec110dc68b26023e9d3caae", size = 5237940, upload-time = "2026-04-12T16:25:49.157Z" },
    { url = "https://files.pythonhosted.org/packages/d0/f0/cdea60d92df731725fc3c4f33e387b100f210acd45c92969e42d2ba993fa/lxml-6.0.4-cp314-cp314-manylinux_2_28_i686.whl", hash = "sha256:3f276d49c23103565d39440b9b3f4fc08fa22f5a96395ea4b4d4fea4458b1505", size = 5350050, upload-time = "2026-04-12T16:25:52.027Z" },
    { url = "https://files.pythonhosted.org/packages/2e/15/bf52c7a70b6081bb9e00d37cc90fcf60aa84468d9d173ad2fade38ec34c5/lxml-6.0.4-cp314-cp314-manylinux_2_31_armv7l.whl", hash = "sha256:fdfdad73736402375b11b3a137e48cd09634177516baf5fc0bd80d1ca85f3cda", size = 4696409, upload-time = "2026-04-12T16:25:55.141Z" },
    { url = "https://files.pythonhosted.org/packages/c5/69/9bade267332cc06f9a9aa773b5a11bdfb249af485df9e142993009ea1fc4/lxml-6.0.4-cp314-cp314-manylinux_2_38_riscv64.manylinux_2_39_riscv64.whl", hash = "sha256:75912421456946931daba0ec3cedfa824c756585d05bde97813a17992bfbd013", size = 5249072, upload-time = "2026-04-12T16:25:57.362Z" },
    { url = "https://files.pythonhosted.org/packages/14/ca/043bcacb096d6ed291cbbc58724e9625a453069d6edeb840b0bf18038d05/lxml-6.0.4-cp314-cp314-musllinux_1_2_aarch64.whl", hash = "sha256:48cd5a88da67233fd82f2920db344503c2818255217cd6ea462c9bb8254ba7cb", size = 5083779, upload-time = "2026-04-12T16:26:00.018Z" },
    { url = "https://files.pythonhosted.org/packages/04/89/f5fb18d76985969e84af13682e489acabee399bb54738a363925ea6e7390/lxml-6.0.4-cp314-cp314-musllinux_1_2_armv7l.whl", hash = "sha256:87af86a8fa55b9ff1e6ee4233d762296f2ce641ba948af783fb995c5a8a3371b", size = 4736953, upload-time = "2026-04-12T16:26:02.289Z" },
    { url = "https://files.pythonhosted.org/packages/84/ba/d1d7284bb4ba951f188c3fc0455943c1fcbd1c33d1324d6d57b7d4a45be6/lxml-6.0.4-cp314-cp314-musllinux_1_2_ppc64le.whl", hash = "sha256:a743714cd656ba7ccb29d199783906064c7b5ba3c0e2a79f0244ea0badc6a98c", size = 5669605, upload-time = "2026-04-12T16:26:04.694Z" },
    { url = "https://files.pythonhosted.org/packages/72/05/1463e55f2de27bb60feddc894dd7c0833bd501f8861392ed416291b38db5/lxml-6.0.4-cp314-cp314-musllinux_1_2_riscv64.whl", hash = "sha256:e31c76bd066fb4f81d9a32e5843bffdf939ab27afb1ffc1c924e749bfbdb00e3", size = 5236886, upload-time = "2026-04-12T16:26:07.659Z" },
    { url = "https://files.pythonhosted.org/packages/fe/fb/0b6ee9194ce3ac49db4cadaa8a9158f04779fc768b6c27c4e2945d71a99d/lxml-6.0.4-cp314-cp314-musllinux_1_2_x86_64.whl", hash = "sha256:f185fd6e7d550e9917d7103dccf51be589aba953e15994fb04646c1730019685", size = 5263382, upload-time = "2026-04-12T16:26:10.067Z" },
    { url = "https://files.pythonhosted.org/packages/9a/93/ec18a08e98dd82cac39f1d2511ee2bed5affb94d228356d8ef165a4ec3b9/lxml-6.0.4-cp314-cp314-win32.whl", hash = "sha256:774660028f8722a598400430d2746fb0075949f84a9a5cd9767d9152e3baaac5", size = 3656164, upload-time = "2026-04-12T16:26:59.568Z" },
    { url = "https://files.pythonhosted.org/packages/15/86/52507316abfc7150bf6bb191e39a12e301ee80334610a493884ae2f9d20d/lxml-6.0.4-cp314-cp314-win_amd64.whl", hash = "sha256:fbd7d14349413f5609c0b537b1a48117d6ccef1af37986af6b03766ad05bf43e", size = 4062512, upload-time = "2026-04-12T16:27:02.212Z" },
    { url = "https://files.pythonhosted.org/packages/f1/d5/09c593a2ef2234b8cd6cf059e2dc212e0654bf05c503f0ef2daf05adb680/lxml-6.0.4-cp314-cp314-win_arm64.whl", hash = "sha256:a61a01ec3fbfd5b73a69a7bf513271051fd6c5795d82fc5daa0255934cd8db3d", size = 3740745, upload-time = "2026-04-12T16:27:04.444Z" },
    { url = "https://files.pythonhosted.org/packages/4a/3c/42a98bf6693938bf7b285ec7f70ba2ae9d785d0e5b2cdb85d2ee29e287eb/lxml-6.0.4-cp314-cp314t-macosx_10_15_universal2.whl", hash = "sha256:504edb62df33cea502ea6e73847c647ba228623ca3f80a228be5723a70984dd5", size = 8826437, upload-time = "2026-04-12T16:26:12.911Z" },
    { url = "https://files.pythonhosted.org/packages/c2/c2/ad13f39b2db8709788aa2dcb6e90b81da76db3b5b2e7d35e0946cf984960/lxml-6.0.4-cp314-cp314t-macosx_10_15_x86_64.whl", hash = "sha256:f01b7b0316d4c0926d49a7f003b2d30539f392b140a3374bb788bad180bc8478", size = 4734892, upload-time = "2026-04-12T16:26:15.871Z" },
    { url = "https://files.pythonhosted.org/packages/2c/6d/c559d7b5922c5b0380fc2cb5ac134b6a3f9d79d368347a624ee5d68b0816/lxml-6.0.4-cp314-cp314t-manylinux2014_aarch64.manylinux_2_17_aarch64.whl", hash = "sha256:ab999933e662501efe4b16e6cfb7c9f9deca7d072cd1788b99c8defde78c0dfb", size = 4969173, upload-time = "2026-04-12T16:26:18.335Z" },
    { url = "https://files.pythonhosted.org/packages/c7/78/ca521e36157f38e3e1a29276855cdf48d213138fc0c8365693ff5c876ca7/lxml-6.0.4-cp314-cp314t-manylinux2014_x86_64.manylinux_2_17_x86_64.whl", hash = "sha256:67c3f084389fe75932c39b6869a377f6c8e21e818f31ae8a30c71dd2e59360e2", size = 5103134, upload-time = "2026-04-12T16:26:20.612Z" },
    { url = "https://files.pythonhosted.org/packages/28/a7/7d62d023bacaa0aaf60af8c0a77c6c05f84327396d755f3aa64b788678a9/lxml-6.0.4-cp314-cp314t-manylinux_2_26_aarch64.manylinux_2_28_aarch64.whl", hash = "sha256:377ea1d654f76ed6205c87d14920f829c9f4d31df83374d3cbcbdaae804d37b2", size = 5027205, upload-time = "2026-04-12T16:26:22.981Z" },
    { url = "https://files.pythonhosted.org/packages/34/be/51b194b81684f2e85e5d992771c45d70cb22ac6f7291ac6bc7b255830afe/lxml-6.0.4-cp314-cp314t-manylinux_2_26_ppc64le.manylinux_2_28_ppc64le.whl", hash = "sha256:e60cd0bcacbfd1a96d63516b622183fb2e3f202300df9eb5533391a8a939dbfa", size = 5594461, upload-time = "2026-04-12T16:26:25.316Z" },
    { url = "https://files.pythonhosted.org/packages/39/24/8850f38fbf89dd072ff31ba22f9e40347aeada7cadf710ecb04b8d9f32d4/lxml-6.0.4-cp314-cp314t-manylinux_2_26_x86_64.manylinux_2_28_x86_64.whl", hash = "sha256:6e9e30fd63d41dd0bbdb020af5cdfffd5d9b554d907cb210f18e8fcdc8eac013", size = 5223378, upload-time = "2026-04-12T16:26:28.68Z" },
    { url = "https://files.pythonhosted.org/packages/2a/9b/595239ba8c719b0fdc7bc9ebdb7564459c9a6b24b8b363df4a02674aeece/lxml-6.0.4-cp314-cp314t-manylinux_2_28_i686.whl", hash = "sha256:1fb4a1606bb68c533002e7ed50d7e55e58f0ef1696330670281cb79d5ab2050d", size = 5311415, upload-time = "2026-04-12T16:26:31.513Z" },
    { url = "https://files.pythonhosted.org/packages/be/cb/aa27ac8d041acf34691577838494ad08df78e83fdfdb66948d2903e9291e/lxml-6.0.4-cp314-cp314t-manylinux_2_31_armv7l.whl", hash = "sha256:695c7708438e449d57f404db8cc1b769e77ad5b50655f32f8175686ba752f293", size = 4637953, upload-time = "2026-04-12T16:26:33.806Z" },
    { url = "https://files.pythonhosted.org/packages/f6/f2/f19114fd86825c2d1ce41cd99daad218d30cfdd2093d4de9273986fb4d68/lxml-6.0.4-cp314-cp314t-manylinux_2_38_riscv64.manylinux_2_39_riscv64.whl", hash = "sha256:d49c35ae1e35ee9b569892cf8f8f88db9524f28d66e9daee547a5ef9f3c5f468", size = 5231532, upload-time = "2026-04-12T16:26:36.518Z" },
    { url = "https://files.pythonhosted.org/packages/9a/0e/c3fa354039ec0b6b09f40fbe1129efc572ac6239faa4906de42d5ce87c0a/lxml-6.0.4-cp314-cp314t-musllinux_1_2_aarch64.whl", hash = "sha256:5801072f8967625e6249d162065d0d6011ef8ce3d0efb8754496b5246b81a74b", size = 5083767, upload-time = "2026-04-12T16:26:39.332Z" },
    { url = "https://files.pythonhosted.org/packages/b3/4b/1a0dbb6d6ffae16e54a8a3796ded0ad2f9c3bc1ff3728bde33456f4e1d63/lxml-6.0.4-cp314-cp314t-musllinux_1_2_armv7l.whl", hash = "sha256:cbf768541526eba5ef1a49f991122e41b39781eafd0445a5a110fc09947a20b5", size = 4758079, upload-time = "2026-04-12T16:26:42.138Z" },
    { url = "https://files.pythonhosted.org/packages/a9/01/a246cf5f80f96766051de4b305d6552f80bdaefb37f04e019e42af0aba69/lxml-6.0.4-cp314-cp314t-musllinux_1_2_ppc64le.whl", hash = "sha256:eecce87cc09233786fc31c230268183bf6375126cfec1c8b3673fcdc8767b560", size = 5618686, upload-time = "2026-04-12T16:26:44.507Z" },
    { url = "https://files.pythonhosted.org/packages/eb/1f/b072a92369039ebef11b0a654be5134fcf3ed04c0f437faf9435ac9ba845/lxml-6.0.4-cp314-cp314t-musllinux_1_2_riscv64.whl", hash = "sha256:07dce892881179e11053066faca2da17b0eeb0bb7298f11bcf842a86db207dbd", size = 5227259, upload-time = "2026-04-12T16:26:47.083Z" },
    { url = "https://files.pythonhosted.org/packages/d5/a0/dc97034f9d4c0c4d30875147d81fd2c0c7f3d261b109db36ed746bf8ab1d/lxml-6.0.4-cp314-cp314t-musllinux_1_2_x86_64.whl", hash = "sha256:e4f97aee337b947e6699e5574c90d087d3e2ce517016241c07e7e98a28dca885", size = 5246190, upload-time = "2026-04-12T16:26:49.468Z" },
    { url = "https://files.pythonhosted.org/packages/f2/ef/85cb69835113583c2516fee07d0ffb4d824b557424b06ba5872c20ba6078/lxml-6.0.4-cp314-cp314t-win32.whl", hash = "sha256:064477c0d4c695aa1ea4b9c1c4ee9043ab740d12135b74c458cc658350adcd86", size = 3896005, upload-time = "2026-04-12T16:26:52.163Z" },
    { url = "https://files.pythonhosted.org/packages/3d/5e/2231f34cc54b8422b793593138d86d3fa4588fb2297d4ea0472390f25627/lxml-6.0.4-cp314-cp314t-win_amd64.whl", hash = "sha256:25bad2d8438f4ef5a7ad4a8d8bcaadde20c0daced8bdb56d46236b0a7d1cbdd0", size = 4391037, upload-time = "2026-04-12T16:26:54.398Z" },
    { url = "https://files.pythonhosted.org/packages/39/53/8ba3cd5984f8363635450c93f63e541a0721b362bb32ae0d8237d9674aee/lxml-6.0.4-cp314-cp314t-win_arm64.whl", hash = "sha256:1dcd9e6cb9b7df808ea33daebd1801f37a8f50e8c075013ed2a2343246727838", size = 3816184, upload-time = "2026-04-12T16:26:57.011Z" },
]

[[package]]
name = "markupsafe"
version = "3.0.2"
source = { registry = "https://pypi.org/simple" }
sdist = { url = "https://files.pythonhosted.org/packages/b2/97/5d42485e71dfc078108a86d6de8fa46db44a1a9295e89c5d6d4a06e23a62/markupsafe-3.0.2.tar.gz", hash = "sha256:ee55d3edf80167e48ea11a923c7386f4669df67d7994554387f84e7d8b0a2bf0", size = 20537, upload-time = "2024-10-18T15:21:54.129Z" }

[[package]]
name = "ocremix-data"
version = "0.1.0"
source = { virtual = "." }
dependencies = [
    { name = "htpy" },
    { name = "lxml" },
]

[package.dev-dependencies]
dev = [
    { name = "ruff" },
]

[package.metadata]
requires-dist = [
    { name = "htpy", specifier = ">=25.10.0" },
    { name = "lxml", specifier = ">=6.0.4" },
]

[package.metadata.requires-dev]
dev = [{ name = "ruff", specifier = ">=0.14.0" }]

[[package]]
name = "ruff"
version = "0.15.8"
source = { registry = "https://pypi.org/simple" }
sdist = { url = "https://files.pythonhosted.org/packages/14/b0/73cf7550861e2b4824950b8b52eebdcc5adc792a00c514406556c5b80817/ruff-0.15.8.tar.gz", hash = "sha256:995f11f63597ee362130d1d5a327a87cb6f3f5eae3094c620bcc632329a4d26e", size = 4610921, upload-time = "2026-03-26T18:39:38.675Z" }
wheels = [
    { url = "https://files.pythonhosted.org/packages/4a/92/c445b0cd6da6e7ae51e954939cb69f97e008dbe750cfca89b8cedc081be7/ruff-0.15.8-py3-none-linux_armv6l.whl", hash = "sha256:cbe05adeba76d58162762d6b239c9056f1a15a55bd4b346cfd21e26cd6ad7bc7", size = 10527394, upload-time = "2026-03-26T18:39:41.566Z" },
    { url = "https://files.pythonhosted.org/packages/eb/92/f1c662784d149ad1414cae450b082cf736430c12ca78367f20f5ed569d65/ruff-0.15.8-py3-none-macosx_10_12_x86_64.whl", hash = "sha256:d3e3d0b6ba8dca1b7ef9ab80a28e840a20070c4b62e56d675c24f366ef330570", size = 10905693, upload-time = "2026-03-26T18:39:30.364Z" },
    { url = "https://files.pythonhosted.org/packages/ca/f2/7a631a8af6d88bcef997eb1bf87cc3da158294c57044aafd3e17030613de/ruff-0.15.8-py3-none-macosx_11_0_arm64.whl", hash = "sha256:6ee3ae5c65a42f273f126686353f2e08ff29927b7b7e203b711514370d500de3", size = 10323044, upload-time = "2026-03-26T18:39:33.37Z" },
    { url = "https://files.pythonhosted.org/packages/67/18/1bf38e20914a05e72ef3b9569b1d5c70a7ef26cd188d69e9ca8ef588d5bf/ruff-0.15.8-py3-none-manylinux_2_17_aarch64.manylinux2014_aarch64.whl", hash = "sha256:fdce027ada77baa448077ccc6ebb2fa9c3c62fd110d8659d601cf2f475858d94", size = 10629135, upload-time = "2026-03-26T18:39:44.142Z" },
    { url = "https://files.pythonhosted.org/packages/d2/e9/138c150ff9af60556121623d41aba18b7b57d95ac032e177b6a53789d279/ruff-0.15.8-py3-none-manylinux_2_17_armv7l.manylinux2014_armv7l.whl", hash = "sha256:12e617fc01a95e5821648a6df341d80456bd627bfab8a829f7cfc26a14a4b4a3", size = 10348041, upload-time = "2026-03-26T18:39:52.178Z" },
    { url = "https://files.pythonhosted.org/packages/02/f1/5bfb9298d9c323f842c5ddeb85f1f10ef51516ac7a34ba446c9347d898df/ruff-0.15.8-py3-none-manylinux_2_17_i686.manylinux2014_i686.whl", hash = "sha256:432701303b26416d22ba696c39f2c6f12499b89093b61360abc34bcc9bf07762", size = 11121987, upload-time = "2026-03-26T18:39:55.195Z" },
    { url = "https://files.pythonhosted.org/packages/10/11/6da2e538704e753c04e8d86b1fc55712fdbdcc266af1a1ece7a51fff0d10/ruff-0.15.8-py3-none-manylinux_2_17_ppc64le.manylinux2014_ppc64le.whl", hash = "sha256:d910ae974b7a06a33a057cb87d2a10792a3b2b3b35e33d2699fdf63ec8f6b17a", size = 11951057, upload-time = "2026-03-26T18:39:19.18Z" },
    { url = "https://files.pythonhosted.org/packages/83/f0/c9208c5fd5101bf87002fed774ff25a96eea313d305f1e5d5744698dc314/ruff-0.15.8-py3-none-manylinux_2_17_s390x.manylinux2014_s390x.whl", hash = "sha256:2033f963c43949d51e6fdccd3946633c6b37c484f5f98c3035f49c27395a8ab8", size = 11464613, upload-time = "2026-03-26T18:40:06.301Z" },
    { url = "https://files.pythonhosted.org/packages/f8/22/d7f2fabdba4fae9f3b570e5605d5eb4500dcb7b770d3217dca4428484b17/ruff-0.15.8-py3-none-manylinux_2_17_x86_64.manylinux2014_x86_64.whl", hash = "sha256:0f29b989a55572fb885b77464cf24af05500806ab4edf9a0fd8977f9759d85b1", size = 11257557, upload-time = "2026-03-26T18:39:57.972Z" },
    { url = "https://files.pythonhosted.org/packages/71/8c/382a9620038cf6906446b23ce8632ab8c0811b8f9d3e764f58bedd0c9a6f/ruff-0.15.8-py3-none-manylinux_2_31_riscv64.whl", hash = "sha256:ac51d486bf457cdc985a412fb1801b2dfd1bd8838372fc55de64b1510eff4bec", size = 11169440, upload-time = "2026-03-26T18:39:22.205Z" },
    { url = "https://files.pythonhosted.org/packages/4d/0d/0994c802a7eaaf99380085e4e40c845f8e32a562e20a38ec06174b52ef24/ruff-0.15.8-py3-none-musllinux_1_2_aarch64.whl", hash = "sha256:c9861eb959edab053c10ad62c278835ee69ca527b6dcd72b47d5c1e5648964f6", size = 10605963, upload-time = "2026-03-26T18:39:46.682Z" },
    { url = "https://files.pythonhosted.org/packages/19/aa/d624b86f5b0aad7cef6bbf9cd47a6a02dfdc4f72c92a337d724e39c9d14b/ruff-0.15.8-py3-none-musllinux_1_2_armv7l.whl", hash = "sha256:8d9a5b8ea13f26ae90838afc33f91b547e61b794865374f114f349e9036835fb", size = 10357484, upload-time = "2026-03-26T18:39:49.176Z" },
    { url = "https://files.pythonhosted.org/packages/35/c3/e0b7835d23001f7d999f3895c6b569927c4d39912286897f625736e1fd04/ruff-0.15.8-py3-none-musllinux_1_2_i686.whl", hash = "sha256:c2a33a529fb3cbc23a7124b5c6ff121e4d6228029cba374777bd7649cc8598b8", size = 10830426, upload-time = "2026-03-26T18:40:03.702Z" },
    { url = "https://files.pythonhosted.org/packages/f0/51/ab20b322f637b369383adc341d761eaaa0f0203d6b9a7421cd6e783d81b9/ruff-0.15.8-py3-none-musllinux_1_2_x86_64.whl", hash = "sha256:75e5cd06b1cf3f47a3996cfc999226b19aa92e7cce682dcd62f80d7035f98f49", size = 11345125, upload-time = "2026-03-26T18:39:27.799Z" },
    { url = "https://files.pythonhosted.org/packages/37/e6/90b2b33419f59d0f2c4c8a48a4b74b460709a557e8e0064cf33ad894f983/ruff-0.15.8-py3-none-win32.whl", hash = "sha256:bc1f0a51254ba21767bfa9a8b5013ca8149dcf38092e6a9eb704d876de94dc34", size = 10571959, upload-time = "2026-03-26T18:39:36.117Z" },
    { url = "https://files.pythonhosted.org/packages/1f/a2/ef467cb77099062317154c63f234b8a7baf7cb690b99af760c5b68b9ee7f/ruff-0.15.8-py3-none-win_amd64.whl", hash = "sha256:04f79eff02a72db209d47d665ba7ebcad609d8918a134f86cb13dd132159fc89", size = 11743893, upload-time = "2026-03-26T18:39:25.01Z" },
    { url = "https://files.pythonhosted.org/packages/15/e2/77be4fff062fa78d9b2a4dea85d14785dac5f1d0c1fb58ed52331f0ebe28/ruff-0.15.8-py3-none-win_arm64.whl", hash = "sha256:cf891fa8e3bb430c0e7fac93851a5978fc99c8fa2c053b57b118972866f8e5f2", size = 11048175, upload-time = "2026-03-26T18:40:01.06Z" },
]
